
Microsoft Visual Studio Solution File, Format Version 12.00
# Visual Studio 15
VisualStudioVersion = 15.0.27004.2002
MinimumVisualStudioVersion = 10.0.40219.1
Project("{FAE04EC0-301F-11D3-BF4B-00C04F79EFBC}") = "Apiclient", "Apiclient\Apiclient.csproj", "{EDEF30C7-FC02-42DD-BDEE-F245186CCDC1}"
EndProject
Global
	GlobalSection(SolutionConfigurationPlatforms) = preSolution
		Debug|Any CPU = Debug|Any CPU
		Release|Any CPU = Release|Any CPU
	EndGlobalSection
	GlobalSection(ProjectConfigurationPlatforms) = postSolution
		{EDEF30C7-FC02-42DD-BDEE-F245186CCDC1}.Debug|Any CPU.ActiveCfg = Debug|Any CPU
		{EDEF30C7-FC02-42DD-BDEE-F245186CCDC1}.Debug|Any CPU.Build.0 = Debug|Any CPU
		{EDEF30C7-FC02-42DD-BDEE-F245186CCDC1}.Release|Any CPU.ActiveCfg = Release|Any CPU
		{EDEF30C7-FC02-42DD-BDEE-F245186CCDC1}.Release|Any CPU.Build.0 = Release|Any CPU
	EndGlobalSection
	GlobalSection(SolutionProperties) = preSolution
		HideSolutionNode = FALSE
	EndGlobalSection
	GlobalSection(ExtensibilityGlobals) = postSolution
		SolutionGuid = {A93C258F-000A-4718-9689-7ED61A7339F6}
	EndGlobalSection
EndGlobal
